// !$*UTF8*$!
{
	archiveVersion = 1;
	classes = {
	};
	objectVersion = 48;
	objects = {

/* Begin PBXBuildFile section */
		6C2B1F271F393FF6004B53B6 /* AuthVC.swift in Sources */ = {isa = PBXBuildFile; fileRef = 6C2B1F261F393FF6004B53B6 /* AuthVC.swift */; };
		6C2B1F291F39402D004B53B6 /* LoginVC.swift in Sources */ = {isa = PBXBuildFile; fileRef = 6C2B1F281F39402D004B53B6 /* LoginVC.swift */; };
		6C2B1F2B1F394085004B53B6 /* InsetTextField.swift in Sources */ = {isa = PBXBuildFile; fileRef = 6C2B1F2A1F394085004B53B6 /* InsetTextField.swift */; };
		6C2B1F2C1F394204004B53B6 /* GoogleService-Info.plist in Resources */ = {isa = PBXBuildFile; fileRef = 6C2B1F251F393CCA004B53B6 /* GoogleService-Info.plist */; };
		6C2B1F2E1F394591004B53B6 /* ShadowView.swift in Sources */ = {isa = PBXBuildFile; fileRef = 6C2B1F2D1F394591004B53B6 /* ShadowView.swift */; };
		6C2B1F301F394830004B53B6 /* AuthService.swift in Sources */ = {isa = PBXBuildFile; fileRef = 6C2B1F2F1F394830004B53B6 /* AuthService.swift */; };
		6C4254E71F3A887F00416194 /* MeVC.swift in Sources */ = {isa = PBXBuildFile; fileRef = 6C4254E61F3A887F00416194 /* MeVC.swift */; };
		6C95E2661F38F30C00606758 /* AppDelegate.swift in Sources */ = {isa = PBXBuildFile; fileRef = 6C95E2651F38F30C00606758 /* AppDelegate.swift */; };
		6C95E2681F38F30C00606758 /* FeedVC.swift in Sources */ = {isa = PBXBuildFile; fileRef = 6C95E2671F38F30C00606758 /* FeedVC.swift */; };
		6C95E26A1F38F30C00606758 /* GroupsVC.swift in Sources */ = {isa = PBXBuildFile; fileRef = 6C95E2691F38F30C00606758 /* GroupsVC.swift */; };
		6C95E26D1F38F30C00606758 /* Main.storyboard in Resources */ = {isa = PBXBuildFile; fileRef = 6C95E26B1F38F30C00606758 /* Main.storyboard */; };
		6C95E26F1F38F30C00606758 /* Assets.xcassets in Resources */ = {isa = PBXBuildFile; fileRef = 6C95E26E1F38F30C00606758 /* Assets.xcassets */; };
		6C95E2721F38F30C00606758 /* LaunchScreen.storyboard in Resources */ = {isa = PBXBuildFile; fileRef = 6C95E2701F38F30C00606758 /* LaunchScreen.storyboard */; };
		6C95E2821F38FA9500606758 /* DataService.swift in Sources */ = {isa = PBXBuildFile; fileRef = 6C95E2811F38FA9500606758 /* DataService.swift */; };
		BDEFABD2ADE980D560C769D3 /* Pods_BreakPoint.framework in Frameworks */ = {isa = PBXBuildFile; fileRef = FC276BBF673CEBA0A9140895 /* Pods_BreakPoint.framework */; };
/* End PBXBuildFile section */

/* Begin PBXFileReference section */
		5B3826D9FD2584BCDD760CE6 /* Pods-BreakPoint.debug.xcconfig */ = {isa = PBXFileReference; includeInIndex = 1; lastKnownFileType = text.xcconfig; name = "Pods-BreakPoint.debug.xcconfig"; path = "Pods/Target Support Files/Pods-BreakPoint/Pods-BreakPoint.debug.xcconfig"; sourceTree = "<group>"; };
		6C2B1F251F393CCA004B53B6 /* GoogleService-Info.plist */ = {isa = PBXFileReference; lastKnownFileType = text.plist.xml; path = "GoogleService-Info.plist"; sourceTree = "<group>"; };
		6C2B1F261F393FF6004B53B6 /* AuthVC.swift */ = {isa = PBXFileReference; lastKnownFileType = sourcecode.swift; path = AuthVC.swift; sourceTree = "<group>"; };
		6C2B1F281F39402D004B53B6 /* LoginVC.swift */ = {isa = PBXFileReference; lastKnownFileType = sourcecode.swift; path = LoginVC.swift; sourceTree = "<group>"; };
		6C2B1F2A1F394085004B53B6 /* InsetTextField.swift */ = {isa = PBXFileReference; lastKnownFileType = sourcecode.swift; path = InsetTextField.swift; sourceTree = "<group>"; };
		6C2B1F2D1F394591004B53B6 /* ShadowView.swift */ = {isa = PBXFileReference; lastKnownFileType = sourcecode.swift; path = ShadowView.swift; sourceTree = "<group>"; };
		6C2B1F2F1F394830004B53B6 /* AuthService.swift */ = {isa = PBXFileReference; lastKnownFileType = sourcecode.swift; path = AuthService.swift; sourceTree = "<group>"; };
		6C4254E61F3A887F00416194 /* MeVC.swift */ = {isa = PBXFileReference; lastKnownFileType = sourcecode.swift; path = MeVC.swift; sourceTree = "<group>"; };
		6C95E2621F38F30C00606758 /* BreakPoint.app */ = {isa = PBXFileReference; explicitFileType = wrapper.application; includeInIndex = 0; path = BreakPoint.app; sourceTree = BUILT_PRODUCTS_DIR; };
		6C95E2651F38F30C00606758 /* AppDelegate.swift */ = {isa = PBXFileReference; lastKnownFileType = sourcecode.swift; path = AppDelegate.swift; sourceTree = "<group>"; };
		6C95E2671F38F30C00606758 /* FeedVC.swift */ = {isa = PBXFileReference; lastKnownFileType = sourcecode.swift; path = FeedVC.swift; sourceTree = "<group>"; };
		6C95E2691F38F30C00606758 /* GroupsVC.swift */ = {isa = PBXFileReference; lastKnownFileType = sourcecode.swift; path = GroupsVC.swift; sourceTree = "<group>"; };
		6C95E26C1F38F30C00606758 /* Base */ = {isa = PBXFileReference; lastKnownFileType = file.storyboard; name = Base; path = Base.lproj/Main.storyboard; sourceTree = "<group>"; };
		6C95E26E1F38F30C00606758 /* Assets.xcassets */ = {isa = PBXFileReference; lastKnownFileType = folder.assetcatalog; path = Assets.xcassets; sourceTree = "<group>"; };
		6C95E2711F38F30C00606758 /* Base */ = {isa = PBXFileReference; lastKnownFileType = file.storyboard; name = Base; path = Base.lproj/LaunchScreen.storyboard; sourceTree = "<group>"; };
		6C95E2731F38F30C00606758 /* Info.plist */ = {isa = PBXFileReference; lastKnownFileType = text.plist.xml; path = Info.plist; sourceTree = "<group>"; };
		6C95E2811F38FA9500606758 /* DataService.swift */ = {isa = PBXFileReference; lastKnownFileType = sourcecode.swift; path = DataService.swift; sourceTree = "<group>"; };
		CD8215B4F842904E66BFBED1 /* Pods-BreakPoint.release.xcconfig */ = {isa = PBXFileReference; includeInIndex = 1; lastKnownFileType = text.xcconfig; name = "Pods-BreakPoint.release.xcconfig"; path = "Pods/Target Support Files/Pods-BreakPoint/Pods-BreakPoint.release.xcconfig"; sourceTree = "<group>"; };
		FC276BBF673CEBA0A9140895 /* Pods_BreakPoint.framework */ = {isa = PBXFileReference; explicitFileType = wrapper.framework; includeInIndex = 0; path = Pods_BreakPoint.framework; sourceTree = BUILT_PRODUCTS_DIR; };
/* End PBXFileReference section */

/* Begin PBXFrameworksBuildPhase section */
		6C95E25F1F38F30C00606758 /* Frameworks */ = {
			isa = PBXFrameworksBuildPhase;
			buildActionMask = 2147483647;
			files = (
				BDEFABD2ADE980D560C769D3 /* Pods_BreakPoint.framework in Frameworks */,
			);
			runOnlyForDeploymentPostprocessing = 0;
		};
/* End PBXFrameworksBuildPhase section */

/* Begin PBXGroup section */
		6C95E2591F38F30C00606758 = {
			isa = PBXGroup;
			children = (
				6C95E2641F38F30C00606758 /* BreakPoint */,
				6C95E2631F38F30C00606758 /* Products */,
				9CA57571589E57D43C9BFF7C /* Pods */,
				F4DBE59CCD0AA9953E562049 /* Frameworks */,
			);
			sourceTree = "<group>";
		};
		6C95E2631F38F30C00606758 /* Products */ = {
			isa = PBXGroup;
			children = (
				6C95E2621F38F30C00606758 /* BreakPoint.app */,
			);
			name = Products;
			sourceTree = "<group>";
		};
		6C95E2641F38F30C00606758 /* BreakPoint */ = {
			isa = PBXGroup;
			children = (
				6C95E27D1F38F3EF00606758 /* Services */,
				6C95E27C1F38F3C000606758 /* Extensions */,
				6C95E27B1F38F3A100606758 /* Model */,
				6C95E27A1F38F39B00606758 /* View */,
				6C95E2791F38F39000606758 /* Controller */,
				6C95E2651F38F30C00606758 /* AppDelegate.swift */,
				6C95E26B1F38F30C00606758 /* Main.storyboard */,
				6C95E26E1F38F30C00606758 /* Assets.xcassets */,
				6C95E2701F38F30C00606758 /* LaunchScreen.storyboard */,
				6C95E2731F38F30C00606758 /* Info.plist */,
				6C2B1F251F393CCA004B53B6 /* GoogleService-Info.plist */,
			);
			path = BreakPoint;
			sourceTree = "<group>";
		};
		6C95E2791F38F39000606758 /* Controller */ = {
			isa = PBXGroup;
			children = (
				6C95E2671F38F30C00606758 /* FeedVC.swift */,
				6C95E2691F38F30C00606758 /* GroupsVC.swift */,
				6C2B1F261F393FF6004B53B6 /* AuthVC.swift */,
				6C2B1F281F39402D004B53B6 /* LoginVC.swift */,
				6C4254E61F3A887F00416194 /* MeVC.swift */,
			);
			path = Controller;
			sourceTree = "<group>";
		};
		6C95E27A1F38F39B00606758 /* View */ = {
			isa = PBXGroup;
			children = (
				6C2B1F2A1F394085004B53B6 /* InsetTextField.swift */,
				6C2B1F2D1F394591004B53B6 /* ShadowView.swift */,
			);
			path = View;
			sourceTree = "<group>";
		};
		6C95E27B1F38F3A100606758 /* Model */ = {
			isa = PBXGroup;
			children = (
			);
			path = Model;
			sourceTree = "<group>";
		};
		6C95E27C1F38F3C000606758 /* Extensions */ = {
			isa = PBXGroup;
			children = (
			);
			path = Extensions;
			sourceTree = "<group>";
		};
		6C95E27D1F38F3EF00606758 /* Services */ = {
			isa = PBXGroup;
			children = (
				6C95E2811F38FA9500606758 /* DataService.swift */,
				6C2B1F2F1F394830004B53B6 /* AuthService.swift */,
			);
			path = Services;
			sourceTree = "<group>";
		};
		9CA57571589E57D43C9BFF7C /* Pods */ = {
			isa = PBXGroup;
			children = (
				5B3826D9FD2584BCDD760CE6 /* Pods-BreakPoint.debug.xcconfig */,
				CD8215B4F842904E66BFBED1 /* Pods-BreakPoint.release.xcconfig */,
			);
			name = Pods;
			sourceTree = "<group>";
		};
		F4DBE59CCD0AA9953E562049 /* Frameworks */ = {
			isa = PBXGroup;
			children = (
				FC276BBF673CEBA0A9140895 /* Pods_BreakPoint.framework */,
			);
			name = Frameworks;
			sourceTree = "<group>";
		};
/* End PBXGroup section */

/* Begin PBXNativeTarget section */
		6C95E2611F38F30C00606758 /* BreakPoint */ = {
			isa = PBXNativeTarget;
			buildConfigurationList = 6C95E2761F38F30C00606758 /* Build configuration list for PBXNativeTarget "BreakPoint" */;
			buildPhases = (
				F69542BDEA3708F6BA21CB85 /* [CP] Check Pods Manifest.lock */,
				6C95E25E1F38F30C00606758 /* Sources */,
				6C95E25F1F38F30C00606758 /* Frameworks */,
				6C95E2601F38F30C00606758 /* Resources */,
				73210F87704C814A2D266652 /* [CP] Embed Pods Frameworks */,
				65E011E96760EB02D018F642 /* [CP] Copy Pods Resources */,
			);
			buildRules = (
			);
			dependencies = (
			);
			name = BreakPoint;
			productName = BreakPoint;
			productReference = 6C95E2621F38F30C00606758 /* BreakPoint.app */;
			productType = "com.apple.product-type.application";
		};
/* End PBXNativeTarget section */

/* Begin PBXProject section */
		6C95E25A1F38F30C00606758 /* Project object */ = {
			isa = PBXProject;
			attributes = {
				LastSwiftUpdateCheck = 0900;
				LastUpgradeCheck = 0900;
				ORGANIZATIONNAME = "Roy Dimayuga";
				TargetAttributes = {
					6C95E2611F38F30C00606758 = {
						CreatedOnToolsVersion = 9.0;
					};
				};
			};
			buildConfigurationList = 6C95E25D1F38F30C00606758 /* Build configuration list for PBXProject "BreakPoint" */;
			compatibilityVersion = "Xcode 8.0";
			developmentRegion = en;
			hasScannedForEncodings = 0;
			knownRegions = (
				en,
				Base,
			);
			mainGroup = 6C95E2591F38F30C00606758;
			productRefGroup = 6C95E2631F38F30C00606758 /* Products */;
			projectDirPath = "";
			projectRoot = "";
			targets = (
				6C95E2611F38F30C00606758 /* BreakPoint */,
			);
		};
/* End PBXProject section */

/* Begin PBXResourcesBuildPhase section */
		6C95E2601F38F30C00606758 /* Resources */ = {
			isa = PBXResourcesBuildPhase;
			buildActionMask = 2147483647;
			files = (
				6C95E2721F38F30C00606758 /* LaunchScreen.storyboard in Resources */,
				6C2B1F2C1F394204004B53B6 /* GoogleService-Info.plist in Resources */,
				6C95E26F1F38F30C00606758 /* Assets.xcassets in Resources */,
				6C95E26D1F38F30C00606758 /* Main.storyboard in Resources */,
			);
			runOnlyForDeploymentPostprocessing = 0;
		};
/* End PBXResourcesBuildPhase section */

/* Begin PBXShellScriptBuildPhase section */
		65E011E96760EB02D018F642 /* [CP] Copy Pods Resources */ = {
			isa = PBXShellScriptBuildPhase;
			buildActionMask = 2147483647;
			files = (
			);
			inputPaths = (
			);
			name = "[CP] Copy Pods Resources";
			outputPaths = (
			);
			runOnlyForDeploymentPostprocessing = 0;
			shellPath = /bin/sh;
			shellScript = "\"${SRCROOT}/Pods/Target Support Files/Pods-BreakPoint/Pods-BreakPoint-resources.sh\"\n";
			showEnvVarsInLog = 0;
		};
		73210F87704C814A2D266652 /* [CP] Embed Pods Frameworks */ = {
			isa = PBXShellScriptBuildPhase;
			buildActionMask = 2147483647;
			files = (
			);
			inputPaths = (
			);
			name = "[CP] Embed Pods Frameworks";
			outputPaths = (
			);
			runOnlyForDeploymentPostprocessing = 0;
			shellPath = /bin/sh;
			shellScript = "\"${SRCROOT}/Pods/Target Support Files/Pods-BreakPoint/Pods-BreakPoint-frameworks.sh\"\n";
			showEnvVarsInLog = 0;
		};
		F69542BDEA3708F6BA21CB85 /* [CP] Check Pods Manifest.lock */ = {
			isa = PBXShellScriptBuildPhase;
			buildActionMask = 2147483647;
			files = (
			);
			inputPaths = (
			);
			name = "[CP] Check Pods Manifest.lock";
			outputPaths = (
			);
			runOnlyForDeploymentPostprocessing = 0;
			shellPath = /bin/sh;
			shellScript = "diff \"${PODS_PODFILE_DIR_PATH}/Podfile.lock\" \"${PODS_ROOT}/Manifest.lock\" > /dev/null\nif [ $? != 0 ] ; then\n    # print error to STDERR\n    echo \"error: The sandbox is not in sync with the Podfile.lock. Run 'pod install' or update your CocoaPods installation.\" >&2\n    exit 1\nfi\n";
			showEnvVarsInLog = 0;
		};
/* End PBXShellScriptBuildPhase section */

/* Begin PBXSourcesBuildPhase section */
		6C95E25E1F38F30C00606758 /* Sources */ = {
			isa = PBXSourcesBuildPhase;
			buildActionMask = 2147483647;
			files = (
				6C4254E71F3A887F00416194 /* MeVC.swift in Sources */,
				6C2B1F271F393FF6004B53B6 /* AuthVC.swift in Sources */,
				6C95E26A1F38F30C00606758 /* GroupsVC.swift in Sources */,
				6C2B1F291F39402D004B53B6 /* LoginVC.swift in Sources */,
				6C2B1F301F394830004B53B6 /* AuthService.swift in Sources */,
				6C95E2661F38F30C00606758 /* AppDelegate.swift in Sources */,
				6C2B1F2E1F394591004B53B6 /* ShadowView.swift in Sources */,
				6C95E2681F38F30C00606758 /* FeedVC.swift in Sources */,
				6C2B1F2B1F394085004B53B6 /* InsetTextField.swift in Sources */,
				6C95E2821F38FA9500606758 /* DataService.swift in Sources */,
			);
			runOnlyForDeploymentPostprocessing = 0;
		};
/* End PBXSourcesBuildPhase section */

/* Begin PBXVariantGroup section */
		6C95E26B1F38F30C00606758 /* Main.storyboard */ = {
			isa = PBXVariantGroup;
			children = (
				6C95E26C1F38F30C00606758 /* Base */,
			);
			name = Main.storyboard;
			sourceTree = "<group>";
		};
		6C95E2701F38F30C00606758 /* LaunchScreen.storyboard */ = {
			isa = PBXVariantGroup;
			children = (
				6C95E2711F38F30C00606758 /* Base */,
			);
			name = LaunchScreen.storyboard;
			sourceTree = "<group>";
		};
/* End PBXVariantGroup section */

/* Begin XCBuildConfiguration section */
		6C95E2741F38F30C00606758 /* Debug */ = {
			isa = XCBuildConfiguration;
			buildSettings = {
				ALWAYS_SEARCH_USER_PATHS = NO;
				CLANG_ANALYZER_NONNULL = YES;
				CLANG_ANALYZER_NUMBER_OBJECT_CONVERSION = YES_AGGRESSIVE;
				CLANG_CXX_LANGUAGE_STANDARD = "gnu++14";
				CLANG_CXX_LIBRARY = "libc++";
				CLANG_ENABLE_MODULES = YES;
				CLANG_ENABLE_OBJC_ARC = YES;
				CLANG_WARN_BLOCK_CAPTURE_AUTORELEASING = YES;
				CLANG_WARN_BOOL_CONVERSION = YES;
				CLANG_WARN_COMMA = YES;
				CLANG_WARN_CONSTANT_CONVERSION = YES;
				CLANG_WARN_DIRECT_OBJC_ISA_USAGE = YES_ERROR;
				CLANG_WARN_DOCUMENTATION_COMMENTS = YES;
				CLANG_WARN_EMPTY_BODY = YES;
				CLANG_WARN_ENUM_CONVERSION = YES;
				CLANG_WARN_INFINITE_RECURSION = YES;
				CLANG_WARN_INT_CONVERSION = YES;
				CLANG_WARN_NON_LITERAL_NULL_CONVERSION = YES;
				CLANG_WARN_OBJC_LITERAL_CONVERSION = YES;
				CLANG_WARN_OBJC_ROOT_CLASS = YES_ERROR;
				CLANG_WARN_RANGE_LOOP_ANALYSIS = YES;
				CLANG_WARN_STRICT_PROTOTYPES = YES;
				CLANG_WARN_SUSPICIOUS_MOVE = YES;
				CLANG_WARN_UNGUARDED_AVAILABILITY = YES_AGGRESSIVE;
				CLANG_WARN_UNREACHABLE_CODE = YES;
				CLANG_WARN__DUPLICATE_METHOD_MATCH = YES;
				CODE_SIGN_IDENTITY = "iPhone Developer";
				COPY_PHASE_STRIP = NO;
				DEBUG_INFORMATION_FORMAT = dwarf;
				ENABLE_STRICT_OBJC_MSGSEND = YES;
				ENABLE_TESTABILITY = YES;
				GCC_C_LANGUAGE_STANDARD = gnu11;
				GCC_DYNAMIC_NO_PIC = NO;
				GCC_NO_COMMON_BLOCKS = YES;
				GCC_OPTIMIZATION_LEVEL = 0;
				GCC_PREPROCESSOR_DEFINITIONS = (
					"DEBUG=1",
					"$(inherited)",
				);
				GCC_WARN_64_TO_32_BIT_CONVERSION = YES;
				GCC_WARN_ABOUT_RETURN_TYPE = YES_ERROR;
				GCC_WARN_UNDECLARED_SELECTOR = YES;
				GCC_WARN_UNINITIALIZED_AUTOS = YES_AGGRESSIVE;
				GCC_WARN_UNUSED_FUNCTION = YES;
				GCC_WARN_UNUSED_VARIABLE = YES;
				IPHONEOS_DEPLOYMENT_TARGET = 11.0;
				MTL_ENABLE_DEBUG_INFO = YES;
				ONLY_ACTIVE_ARCH = YES;
				SDKROOT = iphoneos;
				SWIFT_ACTIVE_COMPILATION_CONDITIONS = DEBUG;
				SWIFT_OPTIMIZATION_LEVEL = "-Onone";
			};
			name = Debug;
		};
		6C95E2751F38F30C00606758 /* Release */ = {
			isa = XCBuildConfiguration;
			buildSettings = {
				ALWAYS_SEARCH_USER_PATHS = NO;
				CLANG_ANALYZER_NONNULL = YES;
				CLANG_ANALYZER_NUMBER_OBJECT_CONVERSION = YES_AGGRESSIVE;
				CLANG_CXX_LANGUAGE_STANDARD = "gnu++14";
				CLANG_CXX_LIBRARY = "libc++";
				CLANG_ENABLE_MODULES = YES;
				CLANG_ENABLE_OBJC_ARC = YES;
				CLANG_WARN_BLOCK_CAPTURE_AUTORELEASING = YES;
				CLANG_WARN_BOOL_CONVERSION = YES;
				CLANG_WARN_COMMA = YES;
				CLANG_WARN_CONSTANT_CONVERSION = YES;
				CLANG_WARN_DIRECT_OBJC_ISA_USAGE = YES_ERROR;
				CLANG_WARN_DOCUMENTATION_COMMENTS = YES;
				CLANG_WARN_EMPTY_BODY = YES;
				CLANG_WARN_ENUM_CONVERSION = YES;
				CLANG_WARN_INFINITE_RECURSION = YES;
				CLANG_WARN_INT_CONVERSION = YES;
				CLANG_WARN_NON_LITERAL_NULL_CONVERSION = YES;
				CLANG_WARN_OBJC_LITERAL_CONVERSION = YES;
				CLANG_WARN_OBJC_ROOT_CLASS = YES_ERROR;
				CLANG_WARN_RANGE_LOOP_ANALYSIS = YES;
				CLANG_WARN_STRICT_PROTOTYPES = YES;
				CLANG_WARN_SUSPICIOUS_MOVE = YES;
				CLANG_WARN_UNGUARDED_AVAILABILITY = YES_AGGRESSIVE;
				CLANG_WARN_UNREACHABLE_CODE = YES;
				CLANG_WARN__DUPLICATE_METHOD_MATCH = YES;
				CODE_SIGN_IDENTITY = "iPhone Developer";
				COPY_PHASE_STRIP = NO;
				DEBUG_INFORMATION_FORMAT = "dwarf-with-dsym";
				ENABLE_NS_ASSERTIONS = NO;
				ENABLE_STRICT_OBJC_MSGSEND = YES;
				GCC_C_LANGUAGE_STANDARD = gnu11;
				GCC_NO_COMMON_BLOCKS = YES;
				GCC_WARN_64_TO_32_BIT_CONVERSION = YES;
				GCC_WARN_ABOUT_RETURN_TYPE = YES_ERROR;
				GCC_WARN_UNDECLARED_SELECTOR = YES;
				GCC_WARN_UNINITIALIZED_AUTOS = YES_AGGRESSIVE;
				GCC_WARN_UNUSED_FUNCTION = YES;
				GCC_WARN_UNUSED_VARIABLE = YES;
				IPHONEOS_DEPLOYMENT_TARGET = 11.0;
				MTL_ENABLE_DEBUG_INFO = NO;
				SDKROOT = iphoneos;
				SWIFT_OPTIMIZATION_LEVEL = "-Owholemodule";
				VALIDATE_PRODUCT = YES;
			};
			name = Release;
		};
		6C95E2771F38F30C00606758 /* Debug */ = {
			isa = XCBuildConfiguration;
			baseConfigurationReference = 5B3826D9FD2584BCDD760CE6 /* Pods-BreakPoint.debug.xcconfig */;
			buildSettings = {
				ASSETCATALOG_COMPILER_APPICON_NAME = AppIcon;
				DEVELOPMENT_TEAM = S6VHT5CKSA;
				INFOPLIST_FILE = BreakPoint/Info.plist;
				LD_RUNPATH_SEARCH_PATHS = "$(inherited) @executable_path/Frameworks";
				PRODUCT_BUNDLE_IDENTIFIER = com.learn.roydimayuga.breakpoint;
				PRODUCT_NAME = "$(TARGET_NAME)";
				SWIFT_VERSION = 4.0;
				TARGETED_DEVICE_FAMILY = "1,2";
			};
			name = Debug;
		};
		6C95E2781F38F30C00606758 /* Release */ = {
			isa = XCBuildConfiguration;
			baseConfigurationReference = CD8215B4F842904E66BFBED1 /* Pods-BreakPoint.release.xcconfig */;
			buildSettings = {
				ASSETCATALOG_COMPILER_APPICON_NAME = AppIcon;
				DEVELOPMENT_TEAM = S6VHT5CKSA;
				INFOPLIST_FILE = BreakPoint/Info.plist;
				LD_RUNPATH_SEARCH_PATHS = "$(inherited) @executable_path/Frameworks";
				PRODUCT_BUNDLE_IDENTIFIER = com.learn.roydimayuga.breakpoint;
				PRODUCT_NAME = "$(TARGET_NAME)";
				SWIFT_VERSION = 4.0;
				TARGETED_DEVICE_FAMILY = "1,2";
			};
			name = Release;
		};
/* End XCBuildConfiguration section */

/* Begin XCConfigurationList section */
		6C95E25D1F38F30C00606758 /* Build configuration list for PBXProject "BreakPoint" */ = {
			isa = XCConfigurationList;
			buildConfigurations = (
				6C95E2741F38F30C00606758 /* Debug */,
				6C95E2751F38F30C00606758 /* Release */,
			);
			defaultConfigurationIsVisible = 0;
			defaultConfigurationName = Release;
		};
		6C95E2761F38F30C00606758 /* Build configuration list for PBXNativeTarget "BreakPoint" */ = {
			isa = XCConfigurationList;
			buildConfigurations = (
				6C95E2771F38F30C00606758 /* Debug */,
				6C95E2781F38F30C00606758 /* Release */,
			);
			defaultConfigurationIsVisible = 0;
			defaultConfigurationName = Release;
		};
/* End XCConfigurationList section */
	};
	rootObject = 6C95E25A1F38F30C00606758 /* Project object */;
}
